# This file was autogenerated by Stack.
# You should not edit this file by hand.
# For more information, please see the documentation at:
#   https://docs.haskellstack.org/en/stable/lock_files

packages:
- completed:
    commit: bfbd0e86515806ebd1f714b84218fb7038011222
    git: https://github.com/Euterpea/EuterpeaLite.git
    name: EuterpeaLite
    pantry-tree:
      sha256: 0f4073726113b38bc738217ffd60c51484c0415635bab0f7e1746b2ac9ec083e
      size: 1018
    version: 0.0.1
  original:
    commit: bfbd0e86515806ebd1f714b84218fb7038011222
    git: https://github.com/Euterpea/EuterpeaLite.git
- completed:
    hackage: HCodecs-0.5.2@sha256:3d49e1c9e93e95d391955c76922c7e9634c7c3b5f53eb31fe6733b7301bf1bc0,1740
    pantry-tree:
      sha256: c40c03969be98006d0f38de76c77d9118aab299fc4061e830b6ece9ced514d3d
      size: 678
  original:
    hackage: HCodecs-0.5.2
snapshots:
- completed:
    sha256: 9444fadfa30b67a93080254d53872478c087592ad64443e47c546cdcd13149ae
    size: 678857
    url: https://raw.githubusercontent.com/commercialhaskell/stackage-snapshots/master/lts/23/0.yaml
  original: lts-23.0
